
Microsoft Visual Studio Solution File, Format Version 12.00
# Visual Studio Version 17
VisualStudioVersion = 17.5.002.0
MinimumVisualStudioVersion = 10.0.40219.1
Project("{9A19103F-16F7-4668-BE54-9A1E7A4F7556}") = "HelpDeskAI", "HelpDeskAI.csproj", "{4A085EE4-00CB-401D-8D83-F4B41857F6F6}"
EndProject
Global
	GlobalSection(SolutionConfigurationPlatforms) = preSolution
		Debug|Any CPU = Debug|Any CPU
		Release|Any CPU = Release|Any CPU
	EndGlobalSection
	GlobalSection(ProjectConfigurationPlatforms) = postSolution
		{4A085EE4-00CB-401D-8D83-F4B41857F6F6}.Debug|Any CPU.ActiveCfg = Debug|Any CPU
		{4A085EE4-00CB-401D-8D83-F4B41857F6F6}.Debug|Any CPU.Build.0 = Debug|Any CPU
		{4A085EE4-00CB-401D-8D83-F4B41857F6F6}.Release|Any CPU.ActiveCfg = Release|Any CPU
		{4A085EE4-00CB-401D-8D83-F4B41857F6F6}.Release|Any CPU.Build.0 = Release|Any CPU
	EndGlobalSection
	GlobalSection(SolutionProperties) = preSolution
		HideSolutionNode = FALSE
	EndGlobalSection
	GlobalSection(ExtensibilityGlobals) = postSolution
		SolutionGuid = {F5F362D4-CE32-4746-99CD-00DF8D1C597F}
	EndGlobalSection
EndGlobal
